<Solution>
  <Folder Name="/src/">
    <Project Path="src/Collector.App/Collector.App.csproj" />
    <Project Path="src/Collector.Core/Collector.Core.csproj" />
    <Project Path="src/Collector.Packaging/Collector.Packaging.csproj" />
    <Project Path="src/Collector.Windows/Collector.Windows.csproj" />
  </Folder>
  <Folder Name="/tests/">
    <Project Path="tests/Collector.Core.Tests/Collector.Core.Tests.csproj" />
  </Folder>
</Solution>
